// !$*UTF8*$!
{
	archiveVersion = 1;
	classes = {
	};
	objectVersion = 46;
	objects = {

/* Begin PBXBuildFile section */
		4CD923E01EC96F3900326E2F /* AppDelegate.swift in Sources */ = {isa = PBXBuildFile; fileRef = 4CD923DF1EC96F3900326E2F /* AppDelegate.swift */; };
		4CD923E21EC96F3900326E2F /* ViewController.swift in Sources */ = {isa = PBXBuildFile; fileRef = 4CD923E11EC96F3900326E2F /* ViewController.swift */; };
		4CD923E51EC96F3900326E2F /* Main.storyboard in Resources */ = {isa = PBXBuildFile; fileRef = 4CD923E31EC96F3900326E2F /* Main.storyboard */; };
		4CD923E71EC96F3900326E2F /* Assets.xcassets in Resources */ = {isa = PBXBuildFile; fileRef = 4CD923E61EC96F3900326E2F /* Assets.xcassets */; };
		4CD923EA1EC96F3900326E2F /* LaunchScreen.storyboard in Resources */ = {isa = PBXBuildFile; fileRef = 4CD923E81EC96F3900326E2F /* LaunchScreen.storyboard */; };
/* End PBXBuildFile section */

/* Begin PBXFileReference section */
		4CD923DC1EC96F3900326E2F /* JSON fun.app */ = {isa = PBXFileReference; explicitFileType = wrapper.application; includeInIndex = 0; path = "JSON fun.app"; sourceTree = BUILT_PRODUCTS_DIR; };
		4CD923DF1EC96F3900326E2F /* AppDelegate.swift */ = {isa = PBXFileReference; lastKnownFileType = sourcecode.swift; path = AppDelegate.swift; sourceTree = "<group>"; };
		4CD923E11EC96F3900326E2F /* ViewController.swift */ = {isa = PBXFileReference; lastKnownFileType = sourcecode.swift; path = ViewController.swift; sourceTree = "<group>"; };
		4CD923E41EC96F3900326E2F /* Base */ = {isa = PBXFileReference; lastKnownFileType = file.storyboard; name = Base; path = Base.lproj/Main.storyboard; sourceTree = "<group>"; };
		4CD923E61EC96F3900326E2F /* Assets.xcassets */ = {isa = PBXFileReference; lastKnownFileType = folder.assetcatalog; path = Assets.xcassets; sourceTree = "<group>"; };
		4CD923E91EC96F3900326E2F /* Base */ = {isa = PBXFileReference; lastKnownFileType = file.storyboard; name = Base; path = Base.lproj/LaunchScreen.storyboard; sourceTree = "<group>"; };
		4CD923EB1EC96F3900326E2F /* Info.plist */ = {isa = PBXFileReference; lastKnownFileType = text.plist.xml; path = Info.plist; sourceTree = "<group>"; };
/* End PBXFileReference section */

/* Begin PBXFrameworksBuildPhase section */
		4CD923D91EC96F3900326E2F /* Frameworks */ = {
			isa = PBXFrameworksBuildPhase;
			buildActionMask = 2147483647;
			files = (
			);
			runOnlyForDeploymentPostprocessing = 0;
		};
/* End PBXFrameworksBuildPhase section */

/* Begin PBXGroup section */
		4CD923D31EC96F3900326E2F = {
			isa = PBXGroup;
			children = (
				4CD923DE1EC96F3900326E2F /* JSON fun */,
				4CD923DD1EC96F3900326E2F /* Products */,
			);
			sourceTree = "<group>";
		};
		4CD923DD1EC96F3900326E2F /* Products */ = {
			isa = PBXGroup;
			children = (
				4CD923DC1EC96F3900326E2F /* JSON fun.app */,
			);
			name = Products;
			sourceTree = "<group>";
		};
		4CD923DE1EC96F3900326E2F /* JSON fun */ = {
			isa = PBXGroup;
			children = (
				4CD923DF1EC96F3900326E2F /* AppDelegate.swift */,
				4CD923E11EC96F3900326E2F /* ViewController.swift */,
				4CD923E31EC96F3900326E2F /* Main.storyboard */,
				4CD923E61EC96F3900326E2F /* Assets.xcassets */,
				4CD923E81EC96F3900326E2F /* LaunchScreen.storyboard */,
				4CD923EB1EC96F3900326E2F /* Info.plist */,
			);
			path = "JSON fun";
			sourceTree = "<group>";
		};
/* End PBXGroup section */

/* Begin PBXNativeTarget section */
		4CD923DB1EC96F3900326E2F /* JSON fun */ = {
			isa = PBXNativeTarget;
			buildConfigurationList = 4CD923EE1EC96F3900326E2F /* Build configuration list for PBXNativeTarget "JSON fun" */;
			buildPhases = (
				4CD923D81EC96F3900326E2F /* Sources */,
				4CD923D91EC96F3900326E2F /* Frameworks */,
				4CD923DA1EC96F3900326E2F /* Resources */,
			);
			buildRules = (
			);
			dependencies = (
			);
			name = "JSON fun";
			productName = "JSON fun";
			productReference = 4CD923DC1EC96F3900326E2F /* JSON fun.app */;
			productType = "com.apple.product-type.application";
		};
/* End PBXNativeTarget section */

/* Begin PBXProject section */
		4CD923D41EC96F3900326E2F /* Project object */ = {
			isa = PBXProject;
			attributes = {
				LastSwiftUpdateCheck = 0830;
				LastUpgradeCheck = 0830;
				ORGANIZATIONNAME = iFlame;
				TargetAttributes = {
					4CD923DB1EC96F3900326E2F = {
						CreatedOnToolsVersion = 8.3;
						ProvisioningStyle = Automatic;
					};
				};
			};
			buildConfigurationList = 4CD923D71EC96F3900326E2F /* Build configuration list for PBXProject "JSON fun" */;
			compatibilityVersion = "Xcode 3.2";
			developmentRegion = English;
			hasScannedForEncodings = 0;
			knownRegions = (
				en,
				Base,
			);
			mainGroup = 4CD923D31EC96F3900326E2F;
			productRefGroup = 4CD923DD1EC96F3900326E2F /* Products */;
			projectDirPath = "";
			projectRoot = "";
			targets = (
				4CD923DB1EC96F3900326E2F /* JSON fun */,
			);
		};
/* End PBXProject section */

/* Begin PBXResourcesBuildPhase section */
		4CD923DA1EC96F3900326E2F /* Resources */ = {
			isa = PBXResourcesBuildPhase;
			buildActionMask = 2147483647;
			files = (
				4CD923EA1EC96F3900326E2F /* LaunchScreen.storyboard in Resources */,
				4CD923E71EC96F3900326E2F /* Assets.xcassets in Resources */,
				4CD923E51EC96F3900326E2F /* Main.storyboard in Resources */,
			);
			runOnlyForDeploymentPostprocessing = 0;
		};
/* End PBXResourcesBuildPhase section */

/* Begin PBXSourcesBuildPhase section */
		4CD923D81EC96F3900326E2F /* Sources */ = {
			isa = PBXSourcesBuildPhase;
			buildActionMask = 2147483647;
			files = (
				4CD923E21EC96F3900326E2F /* ViewController.swift in Sources */,
				4CD923E01EC96F3900326E2F /* AppDelegate.swift in Sources */,
			);
			runOnlyForDeploymentPostprocessing = 0;
		};
/* End PBXSourcesBuildPhase section */

/* Begin PBXVariantGroup section */
		4CD923E31EC96F3900326E2F /* Main.storyboard */ = {
			isa = PBXVariantGroup;
			children = (
				4CD923E41EC96F3900326E2F /* Base */,
			);
			name = Main.storyboard;
			sourceTree = "<group>";
		};
		4CD923E81EC96F3900326E2F /* LaunchScreen.storyboard */ = {
			isa = PBXVariantGroup;
			children = (
				4CD923E91EC96F3900326E2F /* Base */,
			);
			name = LaunchScreen.storyboard;
			sourceTree = "<group>";
		};
/* End PBXVariantGroup section */

/* Begin XCBuildConfiguration section */
		4CD923EC1EC96F3900326E2F /* Debug */ = {
			isa = XCBuildConfiguration;
			buildSettings = {
				ALWAYS_SEARCH_USER_PATHS = NO;
				CLANG_ANALYZER_NONNULL = YES;
				CLANG_ANALYZER_NUMBER_OBJECT_CONVERSION = YES_AGGRESSIVE;
				CLANG_CXX_LANGUAGE_STANDARD = "gnu++0x";
				CLANG_CXX_LIBRARY = "libc++";
				CLANG_ENABLE_MODULES = YES;
				CLANG_ENABLE_OBJC_ARC = YES;
				CLANG_WARN_BOOL_CONVERSION = YES;
				CLANG_WARN_CONSTANT_CONVERSION = YES;
				CLANG_WARN_DIRECT_OBJC_ISA_USAGE = YES_ERROR;
				CLANG_WARN_DOCUMENTATION_COMMENTS = YES;
				CLANG_WARN_EMPTY_BODY = YES;
				CLANG_WARN_ENUM_CONVERSION = YES;
				CLANG_WARN_INFINITE_RECURSION = YES;
				CLANG_WARN_INT_CONVERSION = YES;
				CLANG_WARN_OBJC_ROOT_CLASS = YES_ERROR;
				CLANG_WARN_SUSPICIOUS_MOVE = YES;
				CLANG_WARN_UNREACHABLE_CODE = YES;
				CLANG_WARN__DUPLICATE_METHOD_MATCH = YES;
				"CODE_SIGN_IDENTITY[sdk=iphoneos*]" = "iPhone Developer";
				COPY_PHASE_STRIP = NO;
				DEBUG_INFORMATION_FORMAT = dwarf;
				ENABLE_STRICT_OBJC_MSGSEND = YES;
				ENABLE_TESTABILITY = YES;
				GCC_C_LANGUAGE_STANDARD = gnu99;
				GCC_DYNAMIC_NO_PIC = NO;
				GCC_NO_COMMON_BLOCKS = YES;
				GCC_OPTIMIZATION_LEVEL = 0;
				GCC_PREPROCESSOR_DEFINITIONS = (
					"DEBUG=1",
					"$(inherited)",
				);
				GCC_WARN_64_TO_32_BIT_CONVERSION = YES;
				GCC_WARN_ABOUT_RETURN_TYPE = YES_ERROR;
				GCC_WARN_UNDECLARED_SELECTOR = YES;
				GCC_WARN_UNINITIALIZED_AUTOS = YES_AGGRESSIVE;
				GCC_WARN_UNUSED_FUNCTION = YES;
				GCC_WARN_UNUSED_VARIABLE = YES;
				IPHONEOS_DEPLOYMENT_TARGET = 10.3;
				MTL_ENABLE_DEBUG_INFO = YES;
				ONLY_ACTIVE_ARCH = YES;
				SDKROOT = iphoneos;
				SWIFT_ACTIVE_COMPILATION_CONDITIONS = DEBUG;
				SWIFT_OPTIMIZATION_LEVEL = "-Onone";
			};
			name = Debug;
		};
		4CD923ED1EC96F3900326E2F /* Release */ = {
			isa = XCBuildConfiguration;
			buildSettings = {
				ALWAYS_SEARCH_USER_PATHS = NO;
				CLANG_ANALYZER_NONNULL = YES;
				CLANG_ANALYZER_NUMBER_OBJECT_CONVERSION = YES_AGGRESSIVE;
				CLANG_CXX_LANGUAGE_STANDARD = "gnu++0x";
				CLANG_CXX_LIBRARY = "libc++";
				CLANG_ENABLE_MODULES = YES;
				CLANG_ENABLE_OBJC_ARC = YES;
				CLANG_WARN_BOOL_CONVERSION = YES;
				CLANG_WARN_CONSTANT_CONVERSION = YES;
				CLANG_WARN_DIRECT_OBJC_ISA_USAGE = YES_ERROR;
				CLANG_WARN_DOCUMENTATION_COMMENTS = YES;
				CLANG_WARN_EMPTY_BODY = YES;
				CLANG_WARN_ENUM_CONVERSION = YES;
				CLANG_WARN_INFINITE_RECURSION = YES;
				CLANG_WARN_INT_CONVERSION = YES;
				CLANG_WARN_OBJC_ROOT_CLASS = YES_ERROR;
				CLANG_WARN_SUSPICIOUS_MOVE = YES;
				CLANG_WARN_UNREACHABLE_CODE = YES;
				CLANG_WARN__DUPLICATE_METHOD_MATCH = YES;
				"CODE_SIGN_IDENTITY[sdk=iphoneos*]" = "iPhone Developer";
				COPY_PHASE_STRIP = NO;
				DEBUG_INFORMATION_FORMAT = "dwarf-with-dsym";
				ENABLE_NS_ASSERTIONS = NO;
				ENABLE_STRICT_OBJC_MSGSEND = YES;
				GCC_C_LANGUAGE_STANDARD = gnu99;
				GCC_NO_COMMON_BLOCKS = YES;
				GCC_WARN_64_TO_32_BIT_CONVERSION = YES;
				GCC_WARN_ABOUT_RETURN_TYPE = YES_ERROR;
				GCC_WARN_UNDECLARED_SELECTOR = YES;
				GCC_WARN_UNINITIALIZED_AUTOS = YES_AGGRESSIVE;
				GCC_WARN_UNUSED_FUNCTION = YES;
				GCC_WARN_UNUSED_VARIABLE = YES;
				IPHONEOS_DEPLOYMENT_TARGET = 10.3;
				MTL_ENABLE_DEBUG_INFO = NO;
				SDKROOT = iphoneos;
				SWIFT_OPTIMIZATION_LEVEL = "-Owholemodule";
				VALIDATE_PRODUCT = YES;
			};
			name = Release;
		};
		4CD923EF1EC96F3900326E2F /* Debug */ = {
			isa = XCBuildConfiguration;
			buildSettings = {
				ASSETCATALOG_COMPILER_APPICON_NAME = AppIcon;
				INFOPLIST_FILE = "JSON fun/Info.plist";
				LD_RUNPATH_SEARCH_PATHS = "$(inherited) @executable_path/Frameworks";
				PRODUCT_BUNDLE_IDENTIFIER = "Organization.JSON-fun";
				PRODUCT_NAME = "$(TARGET_NAME)";
				SWIFT_VERSION = 3.0;
			};
			name = Debug;
		};
		4CD923F01EC96F3900326E2F /* Release */ = {
			isa = XCBuildConfiguration;
			buildSettings = {
				ASSETCATALOG_COMPILER_APPICON_NAME = AppIcon;
				INFOPLIST_FILE = "JSON fun/Info.plist";
				LD_RUNPATH_SEARCH_PATHS = "$(inherited) @executable_path/Frameworks";
				PRODUCT_BUNDLE_IDENTIFIER = "Organization.JSON-fun";
				PRODUCT_NAME = "$(TARGET_NAME)";
				SWIFT_VERSION = 3.0;
			};
			name = Release;
		};
/* End XCBuildConfiguration section */

/* Begin XCConfigurationList section */
		4CD923D71EC96F3900326E2F /* Build configuration list for PBXProject "JSON fun" */ = {
			isa = XCConfigurationList;
			buildConfigurations = (
				4CD923EC1EC96F3900326E2F /* Debug */,
				4CD923ED1EC96F3900326E2F /* Release */,
			);
			defaultConfigurationIsVisible = 0;
			defaultConfigurationName = Release;
		};
		4CD923EE1EC96F3900326E2F /* Build configuration list for PBXNativeTarget "JSON fun" */ = {
			isa = XCConfigurationList;
			buildConfigurations = (
				4CD923EF1EC96F3900326E2F /* Debug */,
				4CD923F01EC96F3900326E2F /* Release */,
			);
			defaultConfigurationIsVisible = 0;
		};
/* End XCConfigurationList section */
	};
	rootObject = 4CD923D41EC96F3900326E2F /* Project object */;
}
